
Microsoft Visual Studio Solution File, Format Version 12.00
# Visual Studio Version 17
VisualStudioVersion = 17.0.31903.59
MinimumVisualStudioVersion = 10.0.40219.1
Project("{FAE04EC0-301F-11D3-BF4B-00C04F79EFBC}") = "Evalua.Api", "src\Evalua.Api\Evalua.Api.csproj", "{E4B91C76-62A9-41D4-93E9-07C81B91C4FD}"
EndProject
Global
	GlobalSection(SolutionConfigurationPlatforms) = preSolution
		Debug|Any CPU = Debug|Any CPU
		Release|Any CPU = Release|Any CPU
	EndGlobalSection
	GlobalSection(ProjectConfigurationPlatforms) = postSolution
		{E4B91C76-62A9-41D4-93E9-07C81B91C4FD}.Debug|Any CPU.ActiveCfg = Debug|Any CPU
		{E4B91C76-62A9-41D4-93E9-07C81B91C4FD}.Debug|Any CPU.Build.0 = Debug|Any CPU
		{E4B91C76-62A9-41D4-93E9-07C81B91C4FD}.Release|Any CPU.ActiveCfg = Release|Any CPU
		{E4B91C76-62A9-41D4-93E9-07C81B91C4FD}.Release|Any CPU.Build.0 = Release|Any CPU
	EndGlobalSection
EndGlobal
